
Microsoft Visual Studio Solution File, Format Version 12.00
# Visual Studio Version 16
VisualStudioVersion = 16.0.29806.167
MinimumVisualStudioVersion = 10.0.40219.1
Project("{FAE04EC0-301F-11D3-BF4B-00C04F79EFBC}") = "WebAPIIntro", "WebAPIIntro\WebAPIIntro.csproj", "{B17D95CF-685C-412B-A268-C915DC39996C}"
EndProject
Project("{FAE04EC0-301F-11D3-BF4B-00C04F79EFBC}") = "HttpClientDemo", "..\Udemy_ASPNET_Create_Restful_API_Demo\HttpClientDemo\HttpClientDemo.csproj", "{B358A067-3760-436E-85FF-AA505093B6AD}"
EndProject
Global
	GlobalSection(SolutionConfigurationPlatforms) = preSolution
		Debug|Any CPU = Debug|Any CPU
		Release|Any CPU = Release|Any CPU
	EndGlobalSection
	GlobalSection(ProjectConfigurationPlatforms) = postSolution
		{B17D95CF-685C-412B-A268-C915DC39996C}.Debug|Any CPU.ActiveCfg = Debug|Any CPU
		{B17D95CF-685C-412B-A268-C915DC39996C}.Debug|Any CPU.Build.0 = Debug|Any CPU
		{B17D95CF-685C-412B-A268-C915DC39996C}.Release|Any CPU.ActiveCfg = Release|Any CPU
		{B17D95CF-685C-412B-A268-C915DC39996C}.Release|Any CPU.Build.0 = Release|Any CPU
		{B358A067-3760-436E-85FF-AA505093B6AD}.Debug|Any CPU.ActiveCfg = Debug|Any CPU
		{B358A067-3760-436E-85FF-AA505093B6AD}.Debug|Any CPU.Build.0 = Debug|Any CPU
		{B358A067-3760-436E-85FF-AA505093B6AD}.Release|Any CPU.ActiveCfg = Release|Any CPU
		{B358A067-3760-436E-85FF-AA505093B6AD}.Release|Any CPU.Build.0 = Release|Any CPU
	EndGlobalSection
	GlobalSection(SolutionProperties) = preSolution
		HideSolutionNode = FALSE
	EndGlobalSection
	GlobalSection(ExtensibilityGlobals) = postSolution
		SolutionGuid = {62B48C0B-C72C-4B1D-9C53-7BBA6683C772}
	EndGlobalSection
EndGlobal
